
Microsoft Visual Studio Solution File, Format Version 12.00
# Visual Studio Version 16
VisualStudioVersion = 16.0.30128.74
MinimumVisualStudioVersion = 10.0.40219.1
Project("{9A19103F-16F7-4668-BE54-9A1E7A4F7556}") = "RealWorldApp", "RealWorldApp\RealWorldApp.csproj", "{4136BCFA-6E6E-4239-AAD8-50F86E448909}"
EndProject
Project("{FAE04EC0-301F-11D3-BF4B-00C04F79EFBC}") = "RealWorldApp.iOS", "RealWorldApp.iOS\RealWorldApp.iOS.csproj", "{650F0F9A-3A23-4E00-910B-65492B4E6603}"
EndProject
Project("{FAE04EC0-301F-11D3-BF4B-00C04F79EFBC}") = "RealWorldApp.Android", "RealWorldApp.Android\RealWorldApp.Android.csproj", "{2EF357E5-32E3-4C59-83C2-6BA942E16970}"
EndProject
Project("{9A19103F-16F7-4668-BE54-9A1E7A4F7556}") = "FoodApi", "..\Ecommerce-Api\FoodApi\FoodApi\FoodApi.csproj", "{A5999EB6-C711-4DB1-9936-29044188DA6D}"
EndProject
Global
	GlobalSection(SolutionConfigurationPlatforms) = preSolution
		Debug|Any CPU = Debug|Any CPU
		Debug|iPhone = Debug|iPhone
		Debug|iPhoneSimulator = Debug|iPhoneSimulator
		Release|Any CPU = Release|Any CPU
		Release|iPhone = Release|iPhone
		Release|iPhoneSimulator = Release|iPhoneSimulator
	EndGlobalSection
	GlobalSection(ProjectConfigurationPlatforms) = postSolution
		{4136BCFA-6E6E-4239-AAD8-50F86E448909}.Debug|Any CPU.ActiveCfg = Debug|Any CPU
		{4136BCFA-6E6E-4239-AAD8-50F86E448909}.Debug|Any CPU.Build.0 = Debug|Any CPU
		{4136BCFA-6E6E-4239-AAD8-50F86E448909}.Debug|iPhone.ActiveCfg = Debug|Any CPU
		{4136BCFA-6E6E-4239-AAD8-50F86E448909}.Debug|iPhone.Build.0 = Debug|Any CPU
		{4136BCFA-6E6E-4239-AAD8-50F86E448909}.Debug|iPhoneSimulator.ActiveCfg = Debug|Any CPU
		{4136BCFA-6E6E-4239-AAD8-50F86E448909}.Debug|iPhoneSimulator.Build.0 = Debug|Any CPU
		{4136BCFA-6E6E-4239-AAD8-50F86E448909}.Release|Any CPU.ActiveCfg = Release|Any CPU
		{4136BCFA-6E6E-4239-AAD8-50F86E448909}.Release|Any CPU.Build.0 = Release|Any CPU
		{4136BCFA-6E6E-4239-AAD8-50F86E448909}.Release|iPhone.ActiveCfg = Release|Any CPU
		{4136BCFA-6E6E-4239-AAD8-50F86E448909}.Release|iPhone.Build.0 = Release|Any CPU
		{4136BCFA-6E6E-4239-AAD8-50F86E448909}.Release|iPhoneSimulator.ActiveCfg = Release|Any CPU
		{4136BCFA-6E6E-4239-AAD8-50F86E448909}.Release|iPhoneSimulator.Build.0 = Release|Any CPU
		{650F0F9A-3A23-4E00-910B-65492B4E6603}.Debug|Any CPU.ActiveCfg = Debug|iPhone
		{650F0F9A-3A23-4E00-910B-65492B4E6603}.Debug|iPhone.ActiveCfg = Debug|iPhone
		{650F0F9A-3A23-4E00-910B-65492B4E6603}.Debug|iPhone.Build.0 = Debug|iPhone
		{650F0F9A-3A23-4E00-910B-65492B4E6603}.Debug|iPhoneSimulator.ActiveCfg = Debug|iPhoneSimulator
		{650F0F9A-3A23-4E00-910B-65492B4E6603}.Debug|iPhoneSimulator.Build.0 = Debug|iPhoneSimulator
		{650F0F9A-3A23-4E00-910B-65492B4E6603}.Release|Any CPU.ActiveCfg = Release|iPhone
		{650F0F9A-3A23-4E00-910B-65492B4E6603}.Release|iPhone.ActiveCfg = Release|iPhone
		{650F0F9A-3A23-4E00-910B-65492B4E6603}.Release|iPhone.Build.0 = Release|iPhone
		{650F0F9A-3A23-4E00-910B-65492B4E6603}.Release|iPhoneSimulator.ActiveCfg = Release|iPhoneSimulator
		{650F0F9A-3A23-4E00-910B-65492B4E6603}.Release|iPhoneSimulator.Build.0 = Release|iPhoneSimulator
		{2EF357E5-32E3-4C59-83C2-6BA942E16970}.Debug|Any CPU.ActiveCfg = Debug|Any CPU
		{2EF357E5-32E3-4C59-83C2-6BA942E16970}.Debug|Any CPU.Build.0 = Debug|Any CPU
		{2EF357E5-32E3-4C59-83C2-6BA942E16970}.Debug|Any CPU.Deploy.0 = Debug|Any CPU
		{2EF357E5-32E3-4C59-83C2-6BA942E16970}.Debug|iPhone.ActiveCfg = Debug|Any CPU
		{2EF357E5-32E3-4C59-83C2-6BA942E16970}.Debug|iPhone.Build.0 = Debug|Any CPU
		{2EF357E5-32E3-4C59-83C2-6BA942E16970}.Debug|iPhone.Deploy.0 = Debug|Any CPU
		{2EF357E5-32E3-4C59-83C2-6BA942E16970}.Debug|iPhoneSimulator.ActiveCfg = Debug|Any CPU
		{2EF357E5-32E3-4C59-83C2-6BA942E16970}.Debug|iPhoneSimulator.Build.0 = Debug|Any CPU
		{2EF357E5-32E3-4C59-83C2-6BA942E16970}.Debug|iPhoneSimulator.Deploy.0 = Debug|Any CPU
		{2EF357E5-32E3-4C59-83C2-6BA942E16970}.Release|Any CPU.ActiveCfg = Release|Any CPU
		{2EF357E5-32E3-4C59-83C2-6BA942E16970}.Release|Any CPU.Build.0 = Release|Any CPU
		{2EF357E5-32E3-4C59-83C2-6BA942E16970}.Release|Any CPU.Deploy.0 = Release|Any CPU
		{2EF357E5-32E3-4C59-83C2-6BA942E16970}.Release|iPhone.ActiveCfg = Release|Any CPU
		{2EF357E5-32E3-4C59-83C2-6BA942E16970}.Release|iPhone.Build.0 = Release|Any CPU
		{2EF357E5-32E3-4C59-83C2-6BA942E16970}.Release|iPhone.Deploy.0 = Release|Any CPU
		{2EF357E5-32E3-4C59-83C2-6BA942E16970}.Release|iPhoneSimulator.ActiveCfg = Release|Any CPU
		{2EF357E5-32E3-4C59-83C2-6BA942E16970}.Release|iPhoneSimulator.Build.0 = Release|Any CPU
		{2EF357E5-32E3-4C59-83C2-6BA942E16970}.Release|iPhoneSimulator.Deploy.0 = Release|Any CPU
		{A5999EB6-C711-4DB1-9936-29044188DA6D}.Debug|Any CPU.ActiveCfg = Debug|Any CPU
		{A5999EB6-C711-4DB1-9936-29044188DA6D}.Debug|Any CPU.Build.0 = Debug|Any CPU
		{A5999EB6-C711-4DB1-9936-29044188DA6D}.Debug|iPhone.ActiveCfg = Debug|Any CPU
		{A5999EB6-C711-4DB1-9936-29044188DA6D}.Debug|iPhone.Build.0 = Debug|Any CPU
		{A5999EB6-C711-4DB1-9936-29044188DA6D}.Debug|iPhoneSimulator.ActiveCfg = Debug|Any CPU
		{A5999EB6-C711-4DB1-9936-29044188DA6D}.Debug|iPhoneSimulator.Build.0 = Debug|Any CPU
		{A5999EB6-C711-4DB1-9936-29044188DA6D}.Release|Any CPU.ActiveCfg = Release|Any CPU
		{A5999EB6-C711-4DB1-9936-29044188DA6D}.Release|Any CPU.Build.0 = Release|Any CPU
		{A5999EB6-C711-4DB1-9936-29044188DA6D}.Release|iPhone.ActiveCfg = Release|Any CPU
		{A5999EB6-C711-4DB1-9936-29044188DA6D}.Release|iPhone.Build.0 = Release|Any CPU
		{A5999EB6-C711-4DB1-9936-29044188DA6D}.Release|iPhoneSimulator.ActiveCfg = Release|Any CPU
		{A5999EB6-C711-4DB1-9936-29044188DA6D}.Release|iPhoneSimulator.Build.0 = Release|Any CPU
	EndGlobalSection
	GlobalSection(SolutionProperties) = preSolution
		HideSolutionNode = FALSE
	EndGlobalSection
	GlobalSection(ExtensibilityGlobals) = postSolution
		SolutionGuid = {E5421906-8E09-4F74-982B-6EDE3E49FF81}
	EndGlobalSection
EndGlobal
